
Microsoft Visual Studio Solution File, Format Version 12.00
# Visual Studio Version 16
VisualStudioVersion = 16.0.31515.178
MinimumVisualStudioVersion = 10.0.40219.1
Project("{FAE04EC0-301F-11D3-BF4B-00C04F79EFBC}") = "KampOdevler", "KampOdevler\KampOdevler.csproj", "{8FF31AFA-098E-470B-A21D-B042BE51864B}"
EndProject
Project("{FAE04EC0-301F-11D3-BF4B-00C04F79EFBC}") = "ClassMetotDemo", "ClassMetotDemo\ClassMetotDemo.csproj", "{0DF0EE1E-3F3E-48A3-900A-014DCE0E5972}"
EndProject
Global
	GlobalSection(SolutionConfigurationPlatforms) = preSolution
		Debug|Any CPU = Debug|Any CPU
		Release|Any CPU = Release|Any CPU
	EndGlobalSection
	GlobalSection(ProjectConfigurationPlatforms) = postSolution
		{8FF31AFA-098E-470B-A21D-B042BE51864B}.Debug|Any CPU.ActiveCfg = Debug|Any CPU
		{8FF31AFA-098E-470B-A21D-B042BE51864B}.Debug|Any CPU.Build.0 = Debug|Any CPU
		{8FF31AFA-098E-470B-A21D-B042BE51864B}.Release|Any CPU.ActiveCfg = Release|Any CPU
		{8FF31AFA-098E-470B-A21D-B042BE51864B}.Release|Any CPU.Build.0 = Release|Any CPU
		{0DF0EE1E-3F3E-48A3-900A-014DCE0E5972}.Debug|Any CPU.ActiveCfg = Debug|Any CPU
		{0DF0EE1E-3F3E-48A3-900A-014DCE0E5972}.Debug|Any CPU.Build.0 = Debug|Any CPU
		{0DF0EE1E-3F3E-48A3-900A-014DCE0E5972}.Release|Any CPU.ActiveCfg = Release|Any CPU
		{0DF0EE1E-3F3E-48A3-900A-014DCE0E5972}.Release|Any CPU.Build.0 = Release|Any CPU
	EndGlobalSection
	GlobalSection(SolutionProperties) = preSolution
		HideSolutionNode = FALSE
	EndGlobalSection
	GlobalSection(ExtensibilityGlobals) = postSolution
		SolutionGuid = {9B9FCDB2-C949-41D2-BFCB-6710307CF49E}
	EndGlobalSection
EndGlobal
